// !$*UTF8*$!
{
	archiveVersion = 1;
	classes = {
	};
	objectVersion = 77;
	objects = {

/* Begin PBXBuildFile section */
		3828BD6A1E6CBAA7DDCD842A /* IniPreviewExtension.appex in Embed Foundation Extensions */ = {isa = PBXBuildFile; fileRef = 4728B7D6EF95300355F934E0 /* IniPreviewExtension.appex */; settings = {ATTRIBUTES = (RemoveHeadersOnCopy, ); }; };
		8CA877345CAEABEA5738C2E6 /* QuickLookUI.framework in Frameworks */ = {isa = PBXBuildFile; fileRef = 9B51D8403FE2DB643D203527 /* QuickLookUI.framework */; };
		92838248875D7D35F2923C52 /* AppDelegate.swift in Sources */ = {isa = PBXBuildFile; fileRef = 71D050E4A6ABC87043CC6F0B /* AppDelegate.swift */; };
		AA426979CC115E48E93AD099 /* UniformTypeIdentifiers.framework in Frameworks */ = {isa = PBXBuildFile; fileRef = 170768656B9E3BD992A0DAF0 /* UniformTypeIdentifiers.framework */; };
		F3E5A31E51131B69D8F76CCC /* PreviewProvider.swift in Sources */ = {isa = PBXBuildFile; fileRef = BBEE33B62AEB98A127DDD0CC /* PreviewProvider.swift */; };
/* End PBXBuildFile section */

/* Begin PBXContainerItemProxy section */
		D92B616DD3F38AC0FC5315D2 /* PBXContainerItemProxy */ = {
			isa = PBXContainerItemProxy;
			containerPortal = 360E159FA3226FF3C97FCA55 /* Project object */;
			proxyType = 1;
			remoteGlobalIDString = A78B4929F47754982C40829F;
			remoteInfo = IniPreviewExtension;
		};
/* End PBXContainerItemProxy section */

/* Begin PBXCopyFilesBuildPhase section */
		A03F9D78B17252EA659E6B70 /* Embed Foundation Extensions */ = {
			isa = PBXCopyFilesBuildPhase;
			buildActionMask = 2147483647;
			dstPath = "";
			dstSubfolderSpec = 13;
			files = (
				3828BD6A1E6CBAA7DDCD842A /* IniPreviewExtension.appex in Embed Foundation Extensions */,
			);
			name = "Embed Foundation Extensions";
			runOnlyForDeploymentPostprocessing = 0;
		};
/* End PBXCopyFilesBuildPhase section */

/* Begin PBXFileReference section */
		170768656B9E3BD992A0DAF0 /* UniformTypeIdentifiers.framework */ = {isa = PBXFileReference; lastKnownFileType = wrapper.framework; name = UniformTypeIdentifiers.framework; path = System/Library/Frameworks/UniformTypeIdentifiers.framework; sourceTree = SDKROOT; };
		4728B7D6EF95300355F934E0 /* IniPreviewExtension.appex */ = {isa = PBXFileReference; explicitFileType = "wrapper.app-extension"; includeInIndex = 0; path = IniPreviewExtension.appex; sourceTree = BUILT_PRODUCTS_DIR; };
		71D050E4A6ABC87043CC6F0B /* AppDelegate.swift */ = {isa = PBXFileReference; lastKnownFileType = sourcecode.swift; path = AppDelegate.swift; sourceTree = "<group>"; };
		9B51D8403FE2DB643D203527 /* QuickLookUI.framework */ = {isa = PBXFileReference; lastKnownFileType = wrapper.framework; name = QuickLookUI.framework; path = System/Library/Frameworks/QuickLookUI.framework; sourceTree = SDKROOT; };
		9BD223BDE07B99F8E205B948 /* Info.plist */ = {isa = PBXFileReference; lastKnownFileType = text.plist; path = Info.plist; sourceTree = "<group>"; };
		9C4185A1B9FC7A0563D9B981 /* Info.plist */ = {isa = PBXFileReference; lastKnownFileType = text.plist; path = Info.plist; sourceTree = "<group>"; };
		BBEE33B62AEB98A127DDD0CC /* PreviewProvider.swift */ = {isa = PBXFileReference; lastKnownFileType = sourcecode.swift; path = PreviewProvider.swift; sourceTree = "<group>"; };
		C55EF7919406626041B92C08 /* IniPreviewExtension.entitlements */ = {isa = PBXFileReference; lastKnownFileType = text.plist.entitlements; path = IniPreviewExtension.entitlements; sourceTree = "<group>"; };
		EFE259CEC74F1A3D26564960 /* IniPreviewer.app */ = {isa = PBXFileReference; explicitFileType = wrapper.application; includeInIndex = 0; path = IniPreviewer.app; sourceTree = BUILT_PRODUCTS_DIR; };
/* End PBXFileReference section */

/* Begin PBXFrameworksBuildPhase section */
		CE3C5CD46B7448E4A52D2B0E /* Frameworks */ = {
			isa = PBXFrameworksBuildPhase;
			buildActionMask = 2147483647;
			files = (
				8CA877345CAEABEA5738C2E6 /* QuickLookUI.framework in Frameworks */,
				AA426979CC115E48E93AD099 /* UniformTypeIdentifiers.framework in Frameworks */,
			);
			runOnlyForDeploymentPostprocessing = 0;
		};
/* End PBXFrameworksBuildPhase section */

/* Begin PBXGroup section */
		2438C44807A702F1D783BBF1 /* IniPreviewer */ = {
			isa = PBXGroup;
			children = (
				71D050E4A6ABC87043CC6F0B /* AppDelegate.swift */,
				9BD223BDE07B99F8E205B948 /* Info.plist */,
			);
			path = IniPreviewer;
			sourceTree = "<group>";
		};
		5B5328660ED7B93A953FE456 /* Products */ = {
			isa = PBXGroup;
			children = (
				EFE259CEC74F1A3D26564960 /* IniPreviewer.app */,
				4728B7D6EF95300355F934E0 /* IniPreviewExtension.appex */,
			);
			name = Products;
			sourceTree = "<group>";
		};
		A43F61263E30132155F6370D /* Frameworks */ = {
			isa = PBXGroup;
			children = (
				9B51D8403FE2DB643D203527 /* QuickLookUI.framework */,
				170768656B9E3BD992A0DAF0 /* UniformTypeIdentifiers.framework */,
			);
			name = Frameworks;
			sourceTree = "<group>";
		};
		CC754CE223ADADC6305EE4C5 = {
			isa = PBXGroup;
			children = (
				2438C44807A702F1D783BBF1 /* IniPreviewer */,
				CFB6DD93122F8252CFFCCFBE /* IniPreviewExtension */,
				A43F61263E30132155F6370D /* Frameworks */,
				5B5328660ED7B93A953FE456 /* Products */,
			);
			sourceTree = "<group>";
		};
		CFB6DD93122F8252CFFCCFBE /* IniPreviewExtension */ = {
			isa = PBXGroup;
			children = (
				9C4185A1B9FC7A0563D9B981 /* Info.plist */,
				C55EF7919406626041B92C08 /* IniPreviewExtension.entitlements */,
				BBEE33B62AEB98A127DDD0CC /* PreviewProvider.swift */,
			);
			path = IniPreviewExtension;
			sourceTree = "<group>";
		};
/* End PBXGroup section */

/* Begin PBXNativeTarget section */
		A78B4929F47754982C40829F /* IniPreviewExtension */ = {
			isa = PBXNativeTarget;
			buildConfigurationList = 1EFD8F0825984C6B5D45B222 /* Build configuration list for PBXNativeTarget "IniPreviewExtension" */;
			buildPhases = (
				E88A7233583BF7C86AFC8CFA /* Sources */,
				CE3C5CD46B7448E4A52D2B0E /* Frameworks */,
			);
			buildRules = (
			);
			dependencies = (
			);
			name = IniPreviewExtension;
			packageProductDependencies = (
			);
			productName = IniPreviewExtension;
			productReference = 4728B7D6EF95300355F934E0 /* IniPreviewExtension.appex */;
			productType = "com.apple.product-type.app-extension";
		};
		FD75BE8BA7401F530FFBCEED /* IniPreviewer */ = {
			isa = PBXNativeTarget;
			buildConfigurationList = 46615A03807A9502B233BF1C /* Build configuration list for PBXNativeTarget "IniPreviewer" */;
			buildPhases = (
				78C06409724A63A81A18314B /* Sources */,
				A03F9D78B17252EA659E6B70 /* Embed Foundation Extensions */,
			);
			buildRules = (
			);
			dependencies = (
				F619490648DD1999E40B7169 /* PBXTargetDependency */,
			);
			name = IniPreviewer;
			packageProductDependencies = (
			);
			productName = IniPreviewer;
			productReference = EFE259CEC74F1A3D26564960 /* IniPreviewer.app */;
			productType = "com.apple.product-type.application";
		};
/* End PBXNativeTarget section */

/* Begin PBXProject section */
		360E159FA3226FF3C97FCA55 /* Project object */ = {
			isa = PBXProject;
			attributes = {
				BuildIndependentTargetsInParallel = YES;
				LastUpgradeCheck = 1430;
				TargetAttributes = {
				};
			};
			buildConfigurationList = 139563002A804B15F27BA7E6 /* Build configuration list for PBXProject "IniPreviewer" */;
			developmentRegion = en;
			hasScannedForEncodings = 0;
			knownRegions = (
				Base,
				en,
			);
			mainGroup = CC754CE223ADADC6305EE4C5;
			minimizedProjectReferenceProxies = 1;
			preferredProjectObjectVersion = 77;
			productRefGroup = 5B5328660ED7B93A953FE456 /* Products */;
			projectDirPath = "";
			projectRoot = "";
			targets = (
				A78B4929F47754982C40829F /* IniPreviewExtension */,
				FD75BE8BA7401F530FFBCEED /* IniPreviewer */,
			);
		};
/* End PBXProject section */

/* Begin PBXSourcesBuildPhase section */
		78C06409724A63A81A18314B /* Sources */ = {
			isa = PBXSourcesBuildPhase;
			buildActionMask = 2147483647;
			files = (
				92838248875D7D35F2923C52 /* AppDelegate.swift in Sources */,
			);
			runOnlyForDeploymentPostprocessing = 0;
		};
		E88A7233583BF7C86AFC8CFA /* Sources */ = {
			isa = PBXSourcesBuildPhase;
			buildActionMask = 2147483647;
			files = (
				F3E5A31E51131B69D8F76CCC /* PreviewProvider.swift in Sources */,
			);
			runOnlyForDeploymentPostprocessing = 0;
		};
/* End PBXSourcesBuildPhase section */

/* Begin PBXTargetDependency section */
		F619490648DD1999E40B7169 /* PBXTargetDependency */ = {
			isa = PBXTargetDependency;
			target = A78B4929F47754982C40829F /* IniPreviewExtension */;
			targetProxy = D92B616DD3F38AC0FC5315D2 /* PBXContainerItemProxy */;
		};
/* End PBXTargetDependency section */

/* Begin XCBuildConfiguration section */
		1708BFCE1EAA37610864C3CF /* Release */ = {
			isa = XCBuildConfiguration;
			buildSettings = {
				ASSETCATALOG_COMPILER_APPICON_NAME = AppIcon;
				COMBINE_HIDPI_IMAGES = YES;
				INFOPLIST_FILE = IniPreviewer/Info.plist;
				LD_RUNPATH_SEARCH_PATHS = (
					"$(inherited)",
					"@executable_path/../Frameworks",
				);
				PRODUCT_BUNDLE_IDENTIFIER = com.example.IniPreviewer;
				SDKROOT = macosx;
			};
			name = Release;
		};
		45E9285F843D03C12BA56786 /* Debug */ = {
			isa = XCBuildConfiguration;
			buildSettings = {
				ASSETCATALOG_COMPILER_APPICON_NAME = AppIcon;
				COMBINE_HIDPI_IMAGES = YES;
				INFOPLIST_FILE = IniPreviewer/Info.plist;
				LD_RUNPATH_SEARCH_PATHS = (
					"$(inherited)",
					"@executable_path/../Frameworks",
				);
				PRODUCT_BUNDLE_IDENTIFIER = com.example.IniPreviewer;
				SDKROOT = macosx;
			};
			name = Debug;
		};
		4675072D3D138CD4B5D71E32 /* Release */ = {
			isa = XCBuildConfiguration;
			buildSettings = {
				CODE_SIGN_ENTITLEMENTS = IniPreviewExtension/IniPreviewExtension.entitlements;
				COMBINE_HIDPI_IMAGES = YES;
				INFOPLIST_FILE = IniPreviewExtension/Info.plist;
				LD_RUNPATH_SEARCH_PATHS = (
					"$(inherited)",
					"@executable_path/../Frameworks",
					"@executable_path/../../../../Frameworks",
				);
				PRODUCT_BUNDLE_IDENTIFIER = com.example.IniPreviewer.IniPreviewExtension;
				SDKROOT = macosx;
			};
			name = Release;
		};
		497FA4A3AEF7AB77E576A308 /* Debug */ = {
			isa = XCBuildConfiguration;
			buildSettings = {
				CODE_SIGN_ENTITLEMENTS = IniPreviewExtension/IniPreviewExtension.entitlements;
				COMBINE_HIDPI_IMAGES = YES;
				INFOPLIST_FILE = IniPreviewExtension/Info.plist;
				LD_RUNPATH_SEARCH_PATHS = (
					"$(inherited)",
					"@executable_path/../Frameworks",
					"@executable_path/../../../../Frameworks",
				);
				PRODUCT_BUNDLE_IDENTIFIER = com.example.IniPreviewer.IniPreviewExtension;
				SDKROOT = macosx;
			};
			name = Debug;
		};
		5E200B4E6CF86B8A21B41E4C /* Release */ = {
			isa = XCBuildConfiguration;
			buildSettings = {
				ALWAYS_SEARCH_USER_PATHS = NO;
				CLANG_ANALYZER_NONNULL = YES;
				CLANG_ANALYZER_NUMBER_OBJECT_CONVERSION = YES_AGGRESSIVE;
				CLANG_CXX_LANGUAGE_STANDARD = "gnu++14";
				CLANG_CXX_LIBRARY = "libc++";
				CLANG_ENABLE_MODULES = YES;
				CLANG_ENABLE_OBJC_ARC = YES;
				CLANG_ENABLE_OBJC_WEAK = YES;
				CLANG_WARN_BLOCK_CAPTURE_AUTORELEASING = YES;
				CLANG_WARN_BOOL_CONVERSION = YES;
				CLANG_WARN_COMMA = YES;
				CLANG_WARN_CONSTANT_CONVERSION = YES;
				CLANG_WARN_DEPRECATED_OBJC_IMPLEMENTATIONS = YES;
				CLANG_WARN_DIRECT_OBJC_ISA_USAGE = YES_ERROR;
				CLANG_WARN_DOCUMENTATION_COMMENTS = YES;
				CLANG_WARN_EMPTY_BODY = YES;
				CLANG_WARN_ENUM_CONVERSION = YES;
				CLANG_WARN_INFINITE_RECURSION = YES;
				CLANG_WARN_INT_CONVERSION = YES;
				CLANG_WARN_NON_LITERAL_NULL_CONVERSION = YES;
				CLANG_WARN_OBJC_IMPLICIT_RETAIN_SELF = YES;
				CLANG_WARN_OBJC_LITERAL_CONVERSION = YES;
				CLANG_WARN_OBJC_ROOT_CLASS = YES_ERROR;
				CLANG_WARN_QUOTED_INCLUDE_IN_FRAMEWORK_HEADER = YES;
				CLANG_WARN_RANGE_LOOP_ANALYSIS = YES;
				CLANG_WARN_STRICT_PROTOTYPES = YES;
				CLANG_WARN_SUSPICIOUS_MOVE = YES;
				CLANG_WARN_UNGUARDED_AVAILABILITY = YES_AGGRESSIVE;
				CLANG_WARN_UNREACHABLE_CODE = YES;
				CLANG_WARN__DUPLICATE_METHOD_MATCH = YES;
				COPY_PHASE_STRIP = NO;
				DEBUG_INFORMATION_FORMAT = "dwarf-with-dsym";
				ENABLE_NS_ASSERTIONS = NO;
				ENABLE_STRICT_OBJC_MSGSEND = YES;
				GCC_C_LANGUAGE_STANDARD = gnu11;
				GCC_NO_COMMON_BLOCKS = YES;
				GCC_WARN_64_TO_32_BIT_CONVERSION = YES;
				GCC_WARN_ABOUT_RETURN_TYPE = YES_ERROR;
				GCC_WARN_UNDECLARED_SELECTOR = YES;
				GCC_WARN_UNINITIALIZED_AUTOS = YES_AGGRESSIVE;
				GCC_WARN_UNUSED_FUNCTION = YES;
				GCC_WARN_UNUSED_VARIABLE = YES;
				MACOSX_DEPLOYMENT_TARGET = 14.0;
				MTL_ENABLE_DEBUG_INFO = NO;
				MTL_FAST_MATH = YES;
				PRODUCT_NAME = "$(TARGET_NAME)";
				SDKROOT = macosx;
				SWIFT_COMPILATION_MODE = wholemodule;
				SWIFT_OPTIMIZATION_LEVEL = "-O";
				SWIFT_VERSION = 5.0;
			};
			name = Release;
		};
		CDBEFE256BE638F299A50D32 /* Debug */ = {
			isa = XCBuildConfiguration;
			buildSettings = {
				ALWAYS_SEARCH_USER_PATHS = NO;
				CLANG_ANALYZER_NONNULL = YES;
				CLANG_ANALYZER_NUMBER_OBJECT_CONVERSION = YES_AGGRESSIVE;
				CLANG_CXX_LANGUAGE_STANDARD = "gnu++14";
				CLANG_CXX_LIBRARY = "libc++";
				CLANG_ENABLE_MODULES = YES;
				CLANG_ENABLE_OBJC_ARC = YES;
				CLANG_ENABLE_OBJC_WEAK = YES;
				CLANG_WARN_BLOCK_CAPTURE_AUTORELEASING = YES;
				CLANG_WARN_BOOL_CONVERSION = YES;
				CLANG_WARN_COMMA = YES;
				CLANG_WARN_CONSTANT_CONVERSION = YES;
				CLANG_WARN_DEPRECATED_OBJC_IMPLEMENTATIONS = YES;
				CLANG_WARN_DIRECT_OBJC_ISA_USAGE = YES_ERROR;
				CLANG_WARN_DOCUMENTATION_COMMENTS = YES;
				CLANG_WARN_EMPTY_BODY = YES;
				CLANG_WARN_ENUM_CONVERSION = YES;
				CLANG_WARN_INFINITE_RECURSION = YES;
				CLANG_WARN_INT_CONVERSION = YES;
				CLANG_WARN_NON_LITERAL_NULL_CONVERSION = YES;
				CLANG_WARN_OBJC_IMPLICIT_RETAIN_SELF = YES;
				CLANG_WARN_OBJC_LITERAL_CONVERSION = YES;
				CLANG_WARN_OBJC_ROOT_CLASS = YES_ERROR;
				CLANG_WARN_QUOTED_INCLUDE_IN_FRAMEWORK_HEADER = YES;
				CLANG_WARN_RANGE_LOOP_ANALYSIS = YES;
				CLANG_WARN_STRICT_PROTOTYPES = YES;
				CLANG_WARN_SUSPICIOUS_MOVE = YES;
				CLANG_WARN_UNGUARDED_AVAILABILITY = YES_AGGRESSIVE;
				CLANG_WARN_UNREACHABLE_CODE = YES;
				CLANG_WARN__DUPLICATE_METHOD_MATCH = YES;
				COPY_PHASE_STRIP = NO;
				DEBUG_INFORMATION_FORMAT = dwarf;
				ENABLE_STRICT_OBJC_MSGSEND = YES;
				ENABLE_TESTABILITY = YES;
				GCC_C_LANGUAGE_STANDARD = gnu11;
				GCC_DYNAMIC_NO_PIC = NO;
				GCC_NO_COMMON_BLOCKS = YES;
				GCC_OPTIMIZATION_LEVEL = 0;
				GCC_PREPROCESSOR_DEFINITIONS = (
					"$(inherited)",
					"DEBUG=1",
				);
				GCC_WARN_64_TO_32_BIT_CONVERSION = YES;
				GCC_WARN_ABOUT_RETURN_TYPE = YES_ERROR;
				GCC_WARN_UNDECLARED_SELECTOR = YES;
				GCC_WARN_UNINITIALIZED_AUTOS = YES_AGGRESSIVE;
				GCC_WARN_UNUSED_FUNCTION = YES;
				GCC_WARN_UNUSED_VARIABLE = YES;
				MACOSX_DEPLOYMENT_TARGET = 14.0;
				MTL_ENABLE_DEBUG_INFO = INCLUDE_SOURCE;
				MTL_FAST_MATH = YES;
				ONLY_ACTIVE_ARCH = YES;
				PRODUCT_NAME = "$(TARGET_NAME)";
				SDKROOT = macosx;
				SWIFT_ACTIVE_COMPILATION_CONDITIONS = DEBUG;
				SWIFT_OPTIMIZATION_LEVEL = "-Onone";
				SWIFT_VERSION = 5.0;
			};
			name = Debug;
		};
/* End XCBuildConfiguration section */

/* Begin XCConfigurationList section */
		139563002A804B15F27BA7E6 /* Build configuration list for PBXProject "IniPreviewer" */ = {
			isa = XCConfigurationList;
			buildConfigurations = (
				CDBEFE256BE638F299A50D32 /* Debug */,
				5E200B4E6CF86B8A21B41E4C /* Release */,
			);
			defaultConfigurationIsVisible = 0;
			defaultConfigurationName = Debug;
		};
		1EFD8F0825984C6B5D45B222 /* Build configuration list for PBXNativeTarget "IniPreviewExtension" */ = {
			isa = XCConfigurationList;
			buildConfigurations = (
				497FA4A3AEF7AB77E576A308 /* Debug */,
				4675072D3D138CD4B5D71E32 /* Release */,
			);
			defaultConfigurationIsVisible = 0;
			defaultConfigurationName = Debug;
		};
		46615A03807A9502B233BF1C /* Build configuration list for PBXNativeTarget "IniPreviewer" */ = {
			isa = XCConfigurationList;
			buildConfigurations = (
				45E9285F843D03C12BA56786 /* Debug */,
				1708BFCE1EAA37610864C3CF /* Release */,
			);
			defaultConfigurationIsVisible = 0;
			defaultConfigurationName = Debug;
		};
/* End XCConfigurationList section */
	};
	rootObject = 360E159FA3226FF3C97FCA55 /* Project object */;
}
