// !$*UTF8*$!
{
	archiveVersion = 1;
	classes = {
	};
	objectVersion = 77;
	objects = {

/* Begin PBXBuildFile section */
		064CAE9F9044714A3E0537B6 /* QuickLookUI.framework in Frameworks */ = {isa = PBXBuildFile; fileRef = 9B51D8403FE2DB643D203527 /* QuickLookUI.framework */; };
		34686FD3CD9186F193D96D63 /* QuickLookUI.framework in Frameworks */ = {isa = PBXBuildFile; fileRef = 9B51D8403FE2DB643D203527 /* QuickLookUI.framework */; };
		3828BD6A1E6CBAA7DDCD842A /* IniPreviewExtension.appex in Embed Foundation Extensions */ = {isa = PBXBuildFile; fileRef = 4728B7D6EF95300355F934E0 /* IniPreviewExtension.appex */; settings = {ATTRIBUTES = (RemoveHeadersOnCopy, ); }; };
		456A1B6B4B6076BF52186A5E /* SevenZipPreviewExtension.appex in Embed Foundation Extensions */ = {isa = PBXBuildFile; fileRef = 5EF3B726EE209CF7227200BE /* SevenZipPreviewExtension.appex */; settings = {ATTRIBUTES = (RemoveHeadersOnCopy, ); }; };
		58FE30F86951A200430191F7 /* PreviewProvider.swift in Sources */ = {isa = PBXBuildFile; fileRef = A2F345D7710296A29A737A28 /* PreviewProvider.swift */; };
		661B2499E969799A6B288BD5 /* DmgPreviewExtension.appex in Embed Foundation Extensions */ = {isa = PBXBuildFile; fileRef = 34A40BEF4EF1615385550AE7 /* DmgPreviewExtension.appex */; settings = {ATTRIBUTES = (RemoveHeadersOnCopy, ); }; };
		7B7A71DD76889EDA7AA819BC /* PePreviewExtension.appex in Embed Foundation Extensions */ = {isa = PBXBuildFile; fileRef = DCDA26B5B8545AAC8D7C2AB4 /* PePreviewExtension.appex */; settings = {ATTRIBUTES = (RemoveHeadersOnCopy, ); }; };
		848F68D48C6964919CB8971E /* libarchive_bridge.c in Sources */ = {isa = PBXBuildFile; fileRef = E7F915366CD625489E9B3CEA /* libarchive_bridge.c */; };
		8C34F2A2A141AB4B07DC71DD /* PreviewProvider.swift in Sources */ = {isa = PBXBuildFile; fileRef = 9EFB9FB08F4844E117816C95 /* PreviewProvider.swift */; };
		8CA877345CAEABEA5738C2E6 /* QuickLookUI.framework in Frameworks */ = {isa = PBXBuildFile; fileRef = 9B51D8403FE2DB643D203527 /* QuickLookUI.framework */; };
		92838248875D7D35F2923C52 /* AppDelegate.swift in Sources */ = {isa = PBXBuildFile; fileRef = 71D050E4A6ABC87043CC6F0B /* AppDelegate.swift */; };
		95CDE464CDB59BB4B2875F60 /* PreviewProvider.swift in Sources */ = {isa = PBXBuildFile; fileRef = 7A3DC819A5E340F91B8F2F93 /* PreviewProvider.swift */; };
		AA426979CC115E48E93AD099 /* UniformTypeIdentifiers.framework in Frameworks */ = {isa = PBXBuildFile; fileRef = 170768656B9E3BD992A0DAF0 /* UniformTypeIdentifiers.framework */; };
		AB4A33C9618DB56E8EE3E262 /* ZipPreviewExtension.appex in Embed Foundation Extensions */ = {isa = PBXBuildFile; fileRef = 9E5EDCBA9085318FCA74889F /* ZipPreviewExtension.appex */; settings = {ATTRIBUTES = (RemoveHeadersOnCopy, ); }; };
		B742B1590920786C796134E8 /* PreviewProvider.swift in Sources */ = {isa = PBXBuildFile; fileRef = D706925534A325F9FD15CDD6 /* PreviewProvider.swift */; };
		BB8FD327F8D84A84BC4A6CE5 /* libarchive_bridge.c in Sources */ = {isa = PBXBuildFile; fileRef = 935E9AC57F7BF2AF725340E3 /* libarchive_bridge.c */; };
		C475E5FCB099687097AB1298 /* QuickLookUI.framework in Frameworks */ = {isa = PBXBuildFile; fileRef = 9B51D8403FE2DB643D203527 /* QuickLookUI.framework */; };
		CE23D9EA28FA5BB3651CDCBE /* QuickLookUI.framework in Frameworks */ = {isa = PBXBuildFile; fileRef = 9B51D8403FE2DB643D203527 /* QuickLookUI.framework */; };
		E98AE2E9D14D09E04A99AE14 /* PreviewProvider.swift in Sources */ = {isa = PBXBuildFile; fileRef = 9AA6B8200041F80100AAC617 /* PreviewProvider.swift */; };
		F3E5A31E51131B69D8F76CCC /* PreviewProvider.swift in Sources */ = {isa = PBXBuildFile; fileRef = BBEE33B62AEB98A127DDD0CC /* PreviewProvider.swift */; };
		FA8327EC3D909EE587C0CB32 /* IsoPreviewExtension.appex in Embed Foundation Extensions */ = {isa = PBXBuildFile; fileRef = 59BAE8784D0542A21DE6015E /* IsoPreviewExtension.appex */; settings = {ATTRIBUTES = (RemoveHeadersOnCopy, ); }; };
		FE6671C72E0AC75EEEED6A87 /* QuickLookUI.framework in Frameworks */ = {isa = PBXBuildFile; fileRef = 9B51D8403FE2DB643D203527 /* QuickLookUI.framework */; };
/* End PBXBuildFile section */

/* Begin PBXContainerItemProxy section */
		240C89A5C190C1FA6EE593F1 /* PBXContainerItemProxy */ = {
			isa = PBXContainerItemProxy;
			containerPortal = 360E159FA3226FF3C97FCA55 /* Project object */;
			proxyType = 1;
			remoteGlobalIDString = BAA26E8310E693D0C715D1DB;
			remoteInfo = IsoPreviewExtension;
		};
		60543671859AA6A5E98C0DE4 /* PBXContainerItemProxy */ = {
			isa = PBXContainerItemProxy;
			containerPortal = 360E159FA3226FF3C97FCA55 /* Project object */;
			proxyType = 1;
			remoteGlobalIDString = FE3E37256F816514E6F048DD;
			remoteInfo = DmgPreviewExtension;
		};
		6F41C9436375426F3472F7CA /* PBXContainerItemProxy */ = {
			isa = PBXContainerItemProxy;
			containerPortal = 360E159FA3226FF3C97FCA55 /* Project object */;
			proxyType = 1;
			remoteGlobalIDString = D64DAD20178F2719699DA934;
			remoteInfo = PePreviewExtension;
		};
		87B8D6415AA59AD1F884AEFC /* PBXContainerItemProxy */ = {
			isa = PBXContainerItemProxy;
			containerPortal = 360E159FA3226FF3C97FCA55 /* Project object */;
			proxyType = 1;
			remoteGlobalIDString = F16019EE6CD094F726B2A80B;
			remoteInfo = SevenZipPreviewExtension;
		};
		C6241A782BCF4DA175D1BD9D /* PBXContainerItemProxy */ = {
			isa = PBXContainerItemProxy;
			containerPortal = 360E159FA3226FF3C97FCA55 /* Project object */;
			proxyType = 1;
			remoteGlobalIDString = 1DDEE9B6A0AE8E8C1C35A4DD;
			remoteInfo = ZipPreviewExtension;
		};
		D92B616DD3F38AC0FC5315D2 /* PBXContainerItemProxy */ = {
			isa = PBXContainerItemProxy;
			containerPortal = 360E159FA3226FF3C97FCA55 /* Project object */;
			proxyType = 1;
			remoteGlobalIDString = A78B4929F47754982C40829F;
			remoteInfo = IniPreviewExtension;
		};
/* End PBXContainerItemProxy section */

/* Begin PBXCopyFilesBuildPhase section */
		A03F9D78B17252EA659E6B70 /* Embed Foundation Extensions */ = {
			isa = PBXCopyFilesBuildPhase;
			buildActionMask = 2147483647;
			dstPath = "";
			dstSubfolderSpec = 13;
			files = (
				3828BD6A1E6CBAA7DDCD842A /* IniPreviewExtension.appex in Embed Foundation Extensions */,
				AB4A33C9618DB56E8EE3E262 /* ZipPreviewExtension.appex in Embed Foundation Extensions */,
				661B2499E969799A6B288BD5 /* DmgPreviewExtension.appex in Embed Foundation Extensions */,
				456A1B6B4B6076BF52186A5E /* SevenZipPreviewExtension.appex in Embed Foundation Extensions */,
				7B7A71DD76889EDA7AA819BC /* PePreviewExtension.appex in Embed Foundation Extensions */,
				FA8327EC3D909EE587C0CB32 /* IsoPreviewExtension.appex in Embed Foundation Extensions */,
			);
			name = "Embed Foundation Extensions";
			runOnlyForDeploymentPostprocessing = 0;
		};
/* End PBXCopyFilesBuildPhase section */

/* Begin PBXFileReference section */
		058AFB2AE245D61FA6E03873 /* Info.plist */ = {isa = PBXFileReference; lastKnownFileType = text.plist; path = Info.plist; sourceTree = "<group>"; };
		140B1FA9D565FC0D05BEA93A /* IsoPreviewExtension.entitlements */ = {isa = PBXFileReference; lastKnownFileType = text.plist.entitlements; path = IsoPreviewExtension.entitlements; sourceTree = "<group>"; };
		170768656B9E3BD992A0DAF0 /* UniformTypeIdentifiers.framework */ = {isa = PBXFileReference; lastKnownFileType = wrapper.framework; name = UniformTypeIdentifiers.framework; path = System/Library/Frameworks/UniformTypeIdentifiers.framework; sourceTree = SDKROOT; };
		1BCB96525218BEE211D147CC /* Info.plist */ = {isa = PBXFileReference; lastKnownFileType = text.plist; path = Info.plist; sourceTree = "<group>"; };
		32D55E586DC41E3C41B233BA /* DmgPreviewExtension.entitlements */ = {isa = PBXFileReference; lastKnownFileType = text.plist.entitlements; path = DmgPreviewExtension.entitlements; sourceTree = "<group>"; };
		34A40BEF4EF1615385550AE7 /* DmgPreviewExtension.appex */ = {isa = PBXFileReference; explicitFileType = "wrapper.app-extension"; includeInIndex = 0; path = DmgPreviewExtension.appex; sourceTree = BUILT_PRODUCTS_DIR; };
		42E269EC6F7F9620D4F8ADD5 /* libarchive_bridge.h */ = {isa = PBXFileReference; lastKnownFileType = sourcecode.c.h; path = libarchive_bridge.h; sourceTree = "<group>"; };
		4728B7D6EF95300355F934E0 /* IniPreviewExtension.appex */ = {isa = PBXFileReference; explicitFileType = "wrapper.app-extension"; includeInIndex = 0; path = IniPreviewExtension.appex; sourceTree = BUILT_PRODUCTS_DIR; };
		4FD1E597C890CFA6391057F1 /* Info.plist */ = {isa = PBXFileReference; lastKnownFileType = text.plist; path = Info.plist; sourceTree = "<group>"; };
		59BAE8784D0542A21DE6015E /* IsoPreviewExtension.appex */ = {isa = PBXFileReference; explicitFileType = "wrapper.app-extension"; includeInIndex = 0; path = IsoPreviewExtension.appex; sourceTree = BUILT_PRODUCTS_DIR; };
		5C8B535A4EF602F0C4B73370 /* libarchive_bridge.h */ = {isa = PBXFileReference; lastKnownFileType = sourcecode.c.h; path = libarchive_bridge.h; sourceTree = "<group>"; };
		5EF3B726EE209CF7227200BE /* SevenZipPreviewExtension.appex */ = {isa = PBXFileReference; explicitFileType = "wrapper.app-extension"; includeInIndex = 0; path = SevenZipPreviewExtension.appex; sourceTree = BUILT_PRODUCTS_DIR; };
		60B5A67E2A824EBF2EF8B0B2 /* SevenZipPreviewExtension-Bridging-Header.h */ = {isa = PBXFileReference; lastKnownFileType = sourcecode.c.h; path = "SevenZipPreviewExtension-Bridging-Header.h"; sourceTree = "<group>"; };
		71D050E4A6ABC87043CC6F0B /* AppDelegate.swift */ = {isa = PBXFileReference; lastKnownFileType = sourcecode.swift; path = AppDelegate.swift; sourceTree = "<group>"; };
		7A3DC819A5E340F91B8F2F93 /* PreviewProvider.swift */ = {isa = PBXFileReference; lastKnownFileType = sourcecode.swift; path = PreviewProvider.swift; sourceTree = "<group>"; };
		7AF401B40B1D110C105F7B28 /* IsoPreviewExtension-Bridging-Header.h */ = {isa = PBXFileReference; lastKnownFileType = sourcecode.c.h; path = "IsoPreviewExtension-Bridging-Header.h"; sourceTree = "<group>"; };
		935E9AC57F7BF2AF725340E3 /* libarchive_bridge.c */ = {isa = PBXFileReference; lastKnownFileType = sourcecode.c.c; path = libarchive_bridge.c; sourceTree = "<group>"; };
		9AA6B8200041F80100AAC617 /* PreviewProvider.swift */ = {isa = PBXFileReference; lastKnownFileType = sourcecode.swift; path = PreviewProvider.swift; sourceTree = "<group>"; };
		9B51D8403FE2DB643D203527 /* QuickLookUI.framework */ = {isa = PBXFileReference; lastKnownFileType = wrapper.framework; name = QuickLookUI.framework; path = System/Library/Frameworks/QuickLookUI.framework; sourceTree = SDKROOT; };
		9BD223BDE07B99F8E205B948 /* Info.plist */ = {isa = PBXFileReference; lastKnownFileType = text.plist; path = Info.plist; sourceTree = "<group>"; };
		9C4185A1B9FC7A0563D9B981 /* Info.plist */ = {isa = PBXFileReference; lastKnownFileType = text.plist; path = Info.plist; sourceTree = "<group>"; };
		9C5A3398569981D5B42F4FFA /* SevenZipPreviewExtension.entitlements */ = {isa = PBXFileReference; lastKnownFileType = text.plist.entitlements; path = SevenZipPreviewExtension.entitlements; sourceTree = "<group>"; };
		9E5EDCBA9085318FCA74889F /* ZipPreviewExtension.appex */ = {isa = PBXFileReference; explicitFileType = "wrapper.app-extension"; includeInIndex = 0; path = ZipPreviewExtension.appex; sourceTree = BUILT_PRODUCTS_DIR; };
		9EFB9FB08F4844E117816C95 /* PreviewProvider.swift */ = {isa = PBXFileReference; lastKnownFileType = sourcecode.swift; path = PreviewProvider.swift; sourceTree = "<group>"; };
		A2F345D7710296A29A737A28 /* PreviewProvider.swift */ = {isa = PBXFileReference; lastKnownFileType = sourcecode.swift; path = PreviewProvider.swift; sourceTree = "<group>"; };
		B402F726E09216799B862EBC /* Info.plist */ = {isa = PBXFileReference; lastKnownFileType = text.plist; path = Info.plist; sourceTree = "<group>"; };
		B6EE09D886F668FA9BDE2997 /* PePreviewExtension.entitlements */ = {isa = PBXFileReference; lastKnownFileType = text.plist.entitlements; path = PePreviewExtension.entitlements; sourceTree = "<group>"; };
		BBEE33B62AEB98A127DDD0CC /* PreviewProvider.swift */ = {isa = PBXFileReference; lastKnownFileType = sourcecode.swift; path = PreviewProvider.swift; sourceTree = "<group>"; };
		C55EF7919406626041B92C08 /* IniPreviewExtension.entitlements */ = {isa = PBXFileReference; lastKnownFileType = text.plist.entitlements; path = IniPreviewExtension.entitlements; sourceTree = "<group>"; };
		C6D35CCC1C7AFC4CFB8CE4C5 /* Info.plist */ = {isa = PBXFileReference; lastKnownFileType = text.plist; path = Info.plist; sourceTree = "<group>"; };
		D706925534A325F9FD15CDD6 /* PreviewProvider.swift */ = {isa = PBXFileReference; lastKnownFileType = sourcecode.swift; path = PreviewProvider.swift; sourceTree = "<group>"; };
		D73786BF050089AE8A8417CC /* ZipPreviewExtension.entitlements */ = {isa = PBXFileReference; lastKnownFileType = text.plist.entitlements; path = ZipPreviewExtension.entitlements; sourceTree = "<group>"; };
		DCDA26B5B8545AAC8D7C2AB4 /* PePreviewExtension.appex */ = {isa = PBXFileReference; explicitFileType = "wrapper.app-extension"; includeInIndex = 0; path = PePreviewExtension.appex; sourceTree = BUILT_PRODUCTS_DIR; };
		E7F915366CD625489E9B3CEA /* libarchive_bridge.c */ = {isa = PBXFileReference; lastKnownFileType = sourcecode.c.c; path = libarchive_bridge.c; sourceTree = "<group>"; };
		EFE259CEC74F1A3D26564960 /* IniPreviewer.app */ = {isa = PBXFileReference; explicitFileType = wrapper.application; includeInIndex = 0; path = IniPreviewer.app; sourceTree = BUILT_PRODUCTS_DIR; };
/* End PBXFileReference section */

/* Begin PBXFrameworksBuildPhase section */
		5A4DE0FBDF70A04B1529D4DE /* Frameworks */ = {
			isa = PBXFrameworksBuildPhase;
			buildActionMask = 2147483647;
			files = (
				FE6671C72E0AC75EEEED6A87 /* QuickLookUI.framework in Frameworks */,
			);
			runOnlyForDeploymentPostprocessing = 0;
		};
		6BECA77A693EE4E91AE0E4D0 /* Frameworks */ = {
			isa = PBXFrameworksBuildPhase;
			buildActionMask = 2147483647;
			files = (
				064CAE9F9044714A3E0537B6 /* QuickLookUI.framework in Frameworks */,
			);
			runOnlyForDeploymentPostprocessing = 0;
		};
		71899964799BC0979283A739 /* Frameworks */ = {
			isa = PBXFrameworksBuildPhase;
			buildActionMask = 2147483647;
			files = (
				C475E5FCB099687097AB1298 /* QuickLookUI.framework in Frameworks */,
			);
			runOnlyForDeploymentPostprocessing = 0;
		};
		71DA0B5E7A562B30F4875D9B /* Frameworks */ = {
			isa = PBXFrameworksBuildPhase;
			buildActionMask = 2147483647;
			files = (
				34686FD3CD9186F193D96D63 /* QuickLookUI.framework in Frameworks */,
			);
			runOnlyForDeploymentPostprocessing = 0;
		};
		99DD3D311EC9E8EB97A7B97C /* Frameworks */ = {
			isa = PBXFrameworksBuildPhase;
			buildActionMask = 2147483647;
			files = (
				CE23D9EA28FA5BB3651CDCBE /* QuickLookUI.framework in Frameworks */,
			);
			runOnlyForDeploymentPostprocessing = 0;
		};
		CE3C5CD46B7448E4A52D2B0E /* Frameworks */ = {
			isa = PBXFrameworksBuildPhase;
			buildActionMask = 2147483647;
			files = (
				8CA877345CAEABEA5738C2E6 /* QuickLookUI.framework in Frameworks */,
				AA426979CC115E48E93AD099 /* UniformTypeIdentifiers.framework in Frameworks */,
			);
			runOnlyForDeploymentPostprocessing = 0;
		};
/* End PBXFrameworksBuildPhase section */

/* Begin PBXGroup section */
		2438C44807A702F1D783BBF1 /* IniPreviewer */ = {
			isa = PBXGroup;
			children = (
				71D050E4A6ABC87043CC6F0B /* AppDelegate.swift */,
				9BD223BDE07B99F8E205B948 /* Info.plist */,
			);
			path = IniPreviewer;
			sourceTree = "<group>";
		};
		5B5328660ED7B93A953FE456 /* Products */ = {
			isa = PBXGroup;
			children = (
				34A40BEF4EF1615385550AE7 /* DmgPreviewExtension.appex */,
				EFE259CEC74F1A3D26564960 /* IniPreviewer.app */,
				4728B7D6EF95300355F934E0 /* IniPreviewExtension.appex */,
				59BAE8784D0542A21DE6015E /* IsoPreviewExtension.appex */,
				DCDA26B5B8545AAC8D7C2AB4 /* PePreviewExtension.appex */,
				5EF3B726EE209CF7227200BE /* SevenZipPreviewExtension.appex */,
				9E5EDCBA9085318FCA74889F /* ZipPreviewExtension.appex */,
			);
			name = Products;
			sourceTree = "<group>";
		};
		5E0FA604292A61BE37AB2246 /* ZipPreviewExtension */ = {
			isa = PBXGroup;
			children = (
				C6D35CCC1C7AFC4CFB8CE4C5 /* Info.plist */,
				D706925534A325F9FD15CDD6 /* PreviewProvider.swift */,
				D73786BF050089AE8A8417CC /* ZipPreviewExtension.entitlements */,
			);
			path = ZipPreviewExtension;
			sourceTree = "<group>";
		};
		6C0F42F349D22374F0ADFFF4 /* PePreviewExtension */ = {
			isa = PBXGroup;
			children = (
				B402F726E09216799B862EBC /* Info.plist */,
				B6EE09D886F668FA9BDE2997 /* PePreviewExtension.entitlements */,
				9EFB9FB08F4844E117816C95 /* PreviewProvider.swift */,
			);
			path = PePreviewExtension;
			sourceTree = "<group>";
		};
		96F4ED346D8E6E382FB24BCB /* IsoPreviewExtension */ = {
			isa = PBXGroup;
			children = (
				4FD1E597C890CFA6391057F1 /* Info.plist */,
				7AF401B40B1D110C105F7B28 /* IsoPreviewExtension-Bridging-Header.h */,
				140B1FA9D565FC0D05BEA93A /* IsoPreviewExtension.entitlements */,
				E7F915366CD625489E9B3CEA /* libarchive_bridge.c */,
				42E269EC6F7F9620D4F8ADD5 /* libarchive_bridge.h */,
				7A3DC819A5E340F91B8F2F93 /* PreviewProvider.swift */,
			);
			path = IsoPreviewExtension;
			sourceTree = "<group>";
		};
		A43F61263E30132155F6370D /* Frameworks */ = {
			isa = PBXGroup;
			children = (
				9B51D8403FE2DB643D203527 /* QuickLookUI.framework */,
				170768656B9E3BD992A0DAF0 /* UniformTypeIdentifiers.framework */,
			);
			name = Frameworks;
			sourceTree = "<group>";
		};
		CC754CE223ADADC6305EE4C5 = {
			isa = PBXGroup;
			children = (
				DBEF5FAA55C5CB2C6BBA586E /* DmgPreviewExtension */,
				2438C44807A702F1D783BBF1 /* IniPreviewer */,
				CFB6DD93122F8252CFFCCFBE /* IniPreviewExtension */,
				96F4ED346D8E6E382FB24BCB /* IsoPreviewExtension */,
				6C0F42F349D22374F0ADFFF4 /* PePreviewExtension */,
				DE4FCA4F7AD2B456A31A7030 /* SevenZipPreviewExtension */,
				5E0FA604292A61BE37AB2246 /* ZipPreviewExtension */,
				A43F61263E30132155F6370D /* Frameworks */,
				5B5328660ED7B93A953FE456 /* Products */,
			);
			sourceTree = "<group>";
		};
		CFB6DD93122F8252CFFCCFBE /* IniPreviewExtension */ = {
			isa = PBXGroup;
			children = (
				9C4185A1B9FC7A0563D9B981 /* Info.plist */,
				C55EF7919406626041B92C08 /* IniPreviewExtension.entitlements */,
				BBEE33B62AEB98A127DDD0CC /* PreviewProvider.swift */,
			);
			path = IniPreviewExtension;
			sourceTree = "<group>";
		};
		DBEF5FAA55C5CB2C6BBA586E /* DmgPreviewExtension */ = {
			isa = PBXGroup;
			children = (
				32D55E586DC41E3C41B233BA /* DmgPreviewExtension.entitlements */,
				1BCB96525218BEE211D147CC /* Info.plist */,
				A2F345D7710296A29A737A28 /* PreviewProvider.swift */,
			);
			path = DmgPreviewExtension;
			sourceTree = "<group>";
		};
		DE4FCA4F7AD2B456A31A7030 /* SevenZipPreviewExtension */ = {
			isa = PBXGroup;
			children = (
				058AFB2AE245D61FA6E03873 /* Info.plist */,
				935E9AC57F7BF2AF725340E3 /* libarchive_bridge.c */,
				5C8B535A4EF602F0C4B73370 /* libarchive_bridge.h */,
				9AA6B8200041F80100AAC617 /* PreviewProvider.swift */,
				60B5A67E2A824EBF2EF8B0B2 /* SevenZipPreviewExtension-Bridging-Header.h */,
				9C5A3398569981D5B42F4FFA /* SevenZipPreviewExtension.entitlements */,
			);
			path = SevenZipPreviewExtension;
			sourceTree = "<group>";
		};
/* End PBXGroup section */

/* Begin PBXNativeTarget section */
		1DDEE9B6A0AE8E8C1C35A4DD /* ZipPreviewExtension */ = {
			isa = PBXNativeTarget;
			buildConfigurationList = E62E972A1463F2970B4E3730 /* Build configuration list for PBXNativeTarget "ZipPreviewExtension" */;
			buildPhases = (
				7190E8266567C4C8FAE57621 /* Sources */,
				71DA0B5E7A562B30F4875D9B /* Frameworks */,
			);
			buildRules = (
			);
			dependencies = (
			);
			name = ZipPreviewExtension;
			packageProductDependencies = (
			);
			productName = ZipPreviewExtension;
			productReference = 9E5EDCBA9085318FCA74889F /* ZipPreviewExtension.appex */;
			productType = "com.apple.product-type.app-extension";
		};
		A78B4929F47754982C40829F /* IniPreviewExtension */ = {
			isa = PBXNativeTarget;
			buildConfigurationList = 1EFD8F0825984C6B5D45B222 /* Build configuration list for PBXNativeTarget "IniPreviewExtension" */;
			buildPhases = (
				E88A7233583BF7C86AFC8CFA /* Sources */,
				CE3C5CD46B7448E4A52D2B0E /* Frameworks */,
			);
			buildRules = (
			);
			dependencies = (
			);
			name = IniPreviewExtension;
			packageProductDependencies = (
			);
			productName = IniPreviewExtension;
			productReference = 4728B7D6EF95300355F934E0 /* IniPreviewExtension.appex */;
			productType = "com.apple.product-type.app-extension";
		};
		BAA26E8310E693D0C715D1DB /* IsoPreviewExtension */ = {
			isa = PBXNativeTarget;
			buildConfigurationList = 8DF97330A65447D8644F3F46 /* Build configuration list for PBXNativeTarget "IsoPreviewExtension" */;
			buildPhases = (
				1F4F0F52C5B905B001BC6417 /* Sources */,
				99DD3D311EC9E8EB97A7B97C /* Frameworks */,
			);
			buildRules = (
			);
			dependencies = (
			);
			name = IsoPreviewExtension;
			packageProductDependencies = (
			);
			productName = IsoPreviewExtension;
			productReference = 59BAE8784D0542A21DE6015E /* IsoPreviewExtension.appex */;
			productType = "com.apple.product-type.app-extension";
		};
		D64DAD20178F2719699DA934 /* PePreviewExtension */ = {
			isa = PBXNativeTarget;
			buildConfigurationList = B8BC000616E8517C89BB0D6F /* Build configuration list for PBXNativeTarget "PePreviewExtension" */;
			buildPhases = (
				05E03CABF03FB13A243D22F3 /* Sources */,
				71899964799BC0979283A739 /* Frameworks */,
			);
			buildRules = (
			);
			dependencies = (
			);
			name = PePreviewExtension;
			packageProductDependencies = (
			);
			productName = PePreviewExtension;
			productReference = DCDA26B5B8545AAC8D7C2AB4 /* PePreviewExtension.appex */;
			productType = "com.apple.product-type.app-extension";
		};
		F16019EE6CD094F726B2A80B /* SevenZipPreviewExtension */ = {
			isa = PBXNativeTarget;
			buildConfigurationList = 6FC3586FD24889C9FC0C9E91 /* Build configuration list for PBXNativeTarget "SevenZipPreviewExtension" */;
			buildPhases = (
				413EDC1094B61C34C330A3AB /* Sources */,
				5A4DE0FBDF70A04B1529D4DE /* Frameworks */,
			);
			buildRules = (
			);
			dependencies = (
			);
			name = SevenZipPreviewExtension;
			packageProductDependencies = (
			);
			productName = SevenZipPreviewExtension;
			productReference = 5EF3B726EE209CF7227200BE /* SevenZipPreviewExtension.appex */;
			productType = "com.apple.product-type.app-extension";
		};
		FD75BE8BA7401F530FFBCEED /* IniPreviewer */ = {
			isa = PBXNativeTarget;
			buildConfigurationList = 46615A03807A9502B233BF1C /* Build configuration list for PBXNativeTarget "IniPreviewer" */;
			buildPhases = (
				78C06409724A63A81A18314B /* Sources */,
				A03F9D78B17252EA659E6B70 /* Embed Foundation Extensions */,
			);
			buildRules = (
			);
			dependencies = (
				F619490648DD1999E40B7169 /* PBXTargetDependency */,
				DCBD961462446BF92182E363 /* PBXTargetDependency */,
				71C1470E1E78197E4633F2FD /* PBXTargetDependency */,
				A5639645701EE4FBDC08CFD5 /* PBXTargetDependency */,
				E723AA363A3530CDBF2F7180 /* PBXTargetDependency */,
				FA808934997BC8DC2E852660 /* PBXTargetDependency */,
			);
			name = IniPreviewer;
			packageProductDependencies = (
			);
			productName = IniPreviewer;
			productReference = EFE259CEC74F1A3D26564960 /* IniPreviewer.app */;
			productType = "com.apple.product-type.application";
		};
		FE3E37256F816514E6F048DD /* DmgPreviewExtension */ = {
			isa = PBXNativeTarget;
			buildConfigurationList = 098671D69D6F7488130F5A0A /* Build configuration list for PBXNativeTarget "DmgPreviewExtension" */;
			buildPhases = (
				D9DC10A72F216D6300D353FA /* Sources */,
				6BECA77A693EE4E91AE0E4D0 /* Frameworks */,
			);
			buildRules = (
			);
			dependencies = (
			);
			name = DmgPreviewExtension;
			packageProductDependencies = (
			);
			productName = DmgPreviewExtension;
			productReference = 34A40BEF4EF1615385550AE7 /* DmgPreviewExtension.appex */;
			productType = "com.apple.product-type.app-extension";
		};
/* End PBXNativeTarget section */

/* Begin PBXProject section */
		360E159FA3226FF3C97FCA55 /* Project object */ = {
			isa = PBXProject;
			attributes = {
				BuildIndependentTargetsInParallel = YES;
				LastUpgradeCheck = 1430;
				TargetAttributes = {
				};
			};
			buildConfigurationList = 139563002A804B15F27BA7E6 /* Build configuration list for PBXProject "IniPreviewer" */;
			developmentRegion = en;
			hasScannedForEncodings = 0;
			knownRegions = (
				Base,
				en,
			);
			mainGroup = CC754CE223ADADC6305EE4C5;
			minimizedProjectReferenceProxies = 1;
			preferredProjectObjectVersion = 77;
			productRefGroup = 5B5328660ED7B93A953FE456 /* Products */;
			projectDirPath = "";
			projectRoot = "";
			targets = (
				FE3E37256F816514E6F048DD /* DmgPreviewExtension */,
				A78B4929F47754982C40829F /* IniPreviewExtension */,
				FD75BE8BA7401F530FFBCEED /* IniPreviewer */,
				BAA26E8310E693D0C715D1DB /* IsoPreviewExtension */,
				D64DAD20178F2719699DA934 /* PePreviewExtension */,
				F16019EE6CD094F726B2A80B /* SevenZipPreviewExtension */,
				1DDEE9B6A0AE8E8C1C35A4DD /* ZipPreviewExtension */,
			);
		};
/* End PBXProject section */

/* Begin PBXSourcesBuildPhase section */
		05E03CABF03FB13A243D22F3 /* Sources */ = {
			isa = PBXSourcesBuildPhase;
			buildActionMask = 2147483647;
			files = (
				8C34F2A2A141AB4B07DC71DD /* PreviewProvider.swift in Sources */,
			);
			runOnlyForDeploymentPostprocessing = 0;
		};
		1F4F0F52C5B905B001BC6417 /* Sources */ = {
			isa = PBXSourcesBuildPhase;
			buildActionMask = 2147483647;
			files = (
				95CDE464CDB59BB4B2875F60 /* PreviewProvider.swift in Sources */,
				848F68D48C6964919CB8971E /* libarchive_bridge.c in Sources */,
			);
			runOnlyForDeploymentPostprocessing = 0;
		};
		413EDC1094B61C34C330A3AB /* Sources */ = {
			isa = PBXSourcesBuildPhase;
			buildActionMask = 2147483647;
			files = (
				E98AE2E9D14D09E04A99AE14 /* PreviewProvider.swift in Sources */,
				BB8FD327F8D84A84BC4A6CE5 /* libarchive_bridge.c in Sources */,
			);
			runOnlyForDeploymentPostprocessing = 0;
		};
		7190E8266567C4C8FAE57621 /* Sources */ = {
			isa = PBXSourcesBuildPhase;
			buildActionMask = 2147483647;
			files = (
				B742B1590920786C796134E8 /* PreviewProvider.swift in Sources */,
			);
			runOnlyForDeploymentPostprocessing = 0;
		};
		78C06409724A63A81A18314B /* Sources */ = {
			isa = PBXSourcesBuildPhase;
			buildActionMask = 2147483647;
			files = (
				92838248875D7D35F2923C52 /* AppDelegate.swift in Sources */,
			);
			runOnlyForDeploymentPostprocessing = 0;
		};
		D9DC10A72F216D6300D353FA /* Sources */ = {
			isa = PBXSourcesBuildPhase;
			buildActionMask = 2147483647;
			files = (
				58FE30F86951A200430191F7 /* PreviewProvider.swift in Sources */,
			);
			runOnlyForDeploymentPostprocessing = 0;
		};
		E88A7233583BF7C86AFC8CFA /* Sources */ = {
			isa = PBXSourcesBuildPhase;
			buildActionMask = 2147483647;
			files = (
				F3E5A31E51131B69D8F76CCC /* PreviewProvider.swift in Sources */,
			);
			runOnlyForDeploymentPostprocessing = 0;
		};
/* End PBXSourcesBuildPhase section */

/* Begin PBXTargetDependency section */
		71C1470E1E78197E4633F2FD /* PBXTargetDependency */ = {
			isa = PBXTargetDependency;
			target = FE3E37256F816514E6F048DD /* DmgPreviewExtension */;
			targetProxy = 60543671859AA6A5E98C0DE4 /* PBXContainerItemProxy */;
		};
		A5639645701EE4FBDC08CFD5 /* PBXTargetDependency */ = {
			isa = PBXTargetDependency;
			target = F16019EE6CD094F726B2A80B /* SevenZipPreviewExtension */;
			targetProxy = 87B8D6415AA59AD1F884AEFC /* PBXContainerItemProxy */;
		};
		DCBD961462446BF92182E363 /* PBXTargetDependency */ = {
			isa = PBXTargetDependency;
			target = 1DDEE9B6A0AE8E8C1C35A4DD /* ZipPreviewExtension */;
			targetProxy = C6241A782BCF4DA175D1BD9D /* PBXContainerItemProxy */;
		};
		E723AA363A3530CDBF2F7180 /* PBXTargetDependency */ = {
			isa = PBXTargetDependency;
			target = D64DAD20178F2719699DA934 /* PePreviewExtension */;
			targetProxy = 6F41C9436375426F3472F7CA /* PBXContainerItemProxy */;
		};
		F619490648DD1999E40B7169 /* PBXTargetDependency */ = {
			isa = PBXTargetDependency;
			target = A78B4929F47754982C40829F /* IniPreviewExtension */;
			targetProxy = D92B616DD3F38AC0FC5315D2 /* PBXContainerItemProxy */;
		};
		FA808934997BC8DC2E852660 /* PBXTargetDependency */ = {
			isa = PBXTargetDependency;
			target = BAA26E8310E693D0C715D1DB /* IsoPreviewExtension */;
			targetProxy = 240C89A5C190C1FA6EE593F1 /* PBXContainerItemProxy */;
		};
/* End PBXTargetDependency section */

/* Begin XCBuildConfiguration section */
		1708BFCE1EAA37610864C3CF /* Release */ = {
			isa = XCBuildConfiguration;
			buildSettings = {
				ASSETCATALOG_COMPILER_APPICON_NAME = AppIcon;
				COMBINE_HIDPI_IMAGES = YES;
				INFOPLIST_FILE = IniPreviewer/Info.plist;
				LD_RUNPATH_SEARCH_PATHS = (
					"$(inherited)",
					"@executable_path/../Frameworks",
				);
				PRODUCT_BUNDLE_IDENTIFIER = com.example.IniPreviewer;
				SDKROOT = macosx;
			};
			name = Release;
		};
		45E9285F843D03C12BA56786 /* Debug */ = {
			isa = XCBuildConfiguration;
			buildSettings = {
				ASSETCATALOG_COMPILER_APPICON_NAME = AppIcon;
				COMBINE_HIDPI_IMAGES = YES;
				INFOPLIST_FILE = IniPreviewer/Info.plist;
				LD_RUNPATH_SEARCH_PATHS = (
					"$(inherited)",
					"@executable_path/../Frameworks",
				);
				PRODUCT_BUNDLE_IDENTIFIER = com.example.IniPreviewer;
				SDKROOT = macosx;
			};
			name = Debug;
		};
		4675072D3D138CD4B5D71E32 /* Release */ = {
			isa = XCBuildConfiguration;
			buildSettings = {
				CODE_SIGN_ENTITLEMENTS = IniPreviewExtension/IniPreviewExtension.entitlements;
				COMBINE_HIDPI_IMAGES = YES;
				INFOPLIST_FILE = IniPreviewExtension/Info.plist;
				LD_RUNPATH_SEARCH_PATHS = (
					"$(inherited)",
					"@executable_path/../Frameworks",
					"@executable_path/../../../../Frameworks",
				);
				PRODUCT_BUNDLE_IDENTIFIER = com.example.IniPreviewer.IniPreviewExtension;
				SDKROOT = macosx;
			};
			name = Release;
		};
		497FA4A3AEF7AB77E576A308 /* Debug */ = {
			isa = XCBuildConfiguration;
			buildSettings = {
				CODE_SIGN_ENTITLEMENTS = IniPreviewExtension/IniPreviewExtension.entitlements;
				COMBINE_HIDPI_IMAGES = YES;
				INFOPLIST_FILE = IniPreviewExtension/Info.plist;
				LD_RUNPATH_SEARCH_PATHS = (
					"$(inherited)",
					"@executable_path/../Frameworks",
					"@executable_path/../../../../Frameworks",
				);
				PRODUCT_BUNDLE_IDENTIFIER = com.example.IniPreviewer.IniPreviewExtension;
				SDKROOT = macosx;
			};
			name = Debug;
		};
		5E200B4E6CF86B8A21B41E4C /* Release */ = {
			isa = XCBuildConfiguration;
			buildSettings = {
				ALWAYS_SEARCH_USER_PATHS = NO;
				CLANG_ANALYZER_NONNULL = YES;
				CLANG_ANALYZER_NUMBER_OBJECT_CONVERSION = YES_AGGRESSIVE;
				CLANG_CXX_LANGUAGE_STANDARD = "gnu++14";
				CLANG_CXX_LIBRARY = "libc++";
				CLANG_ENABLE_MODULES = YES;
				CLANG_ENABLE_OBJC_ARC = YES;
				CLANG_ENABLE_OBJC_WEAK = YES;
				CLANG_WARN_BLOCK_CAPTURE_AUTORELEASING = YES;
				CLANG_WARN_BOOL_CONVERSION = YES;
				CLANG_WARN_COMMA = YES;
				CLANG_WARN_CONSTANT_CONVERSION = YES;
				CLANG_WARN_DEPRECATED_OBJC_IMPLEMENTATIONS = YES;
				CLANG_WARN_DIRECT_OBJC_ISA_USAGE = YES_ERROR;
				CLANG_WARN_DOCUMENTATION_COMMENTS = YES;
				CLANG_WARN_EMPTY_BODY = YES;
				CLANG_WARN_ENUM_CONVERSION = YES;
				CLANG_WARN_INFINITE_RECURSION = YES;
				CLANG_WARN_INT_CONVERSION = YES;
				CLANG_WARN_NON_LITERAL_NULL_CONVERSION = YES;
				CLANG_WARN_OBJC_IMPLICIT_RETAIN_SELF = YES;
				CLANG_WARN_OBJC_LITERAL_CONVERSION = YES;
				CLANG_WARN_OBJC_ROOT_CLASS = YES_ERROR;
				CLANG_WARN_QUOTED_INCLUDE_IN_FRAMEWORK_HEADER = YES;
				CLANG_WARN_RANGE_LOOP_ANALYSIS = YES;
				CLANG_WARN_STRICT_PROTOTYPES = YES;
				CLANG_WARN_SUSPICIOUS_MOVE = YES;
				CLANG_WARN_UNGUARDED_AVAILABILITY = YES_AGGRESSIVE;
				CLANG_WARN_UNREACHABLE_CODE = YES;
				CLANG_WARN__DUPLICATE_METHOD_MATCH = YES;
				COPY_PHASE_STRIP = NO;
				DEBUG_INFORMATION_FORMAT = "dwarf-with-dsym";
				ENABLE_NS_ASSERTIONS = NO;
				ENABLE_STRICT_OBJC_MSGSEND = YES;
				GCC_C_LANGUAGE_STANDARD = gnu11;
				GCC_NO_COMMON_BLOCKS = YES;
				GCC_WARN_64_TO_32_BIT_CONVERSION = YES;
				GCC_WARN_ABOUT_RETURN_TYPE = YES_ERROR;
				GCC_WARN_UNDECLARED_SELECTOR = YES;
				GCC_WARN_UNINITIALIZED_AUTOS = YES_AGGRESSIVE;
				GCC_WARN_UNUSED_FUNCTION = YES;
				GCC_WARN_UNUSED_VARIABLE = YES;
				MACOSX_DEPLOYMENT_TARGET = 14.0;
				MTL_ENABLE_DEBUG_INFO = NO;
				MTL_FAST_MATH = YES;
				PRODUCT_NAME = "$(TARGET_NAME)";
				SDKROOT = macosx;
				SWIFT_COMPILATION_MODE = wholemodule;
				SWIFT_OPTIMIZATION_LEVEL = "-O";
				SWIFT_VERSION = 5.0;
			};
			name = Release;
		};
		5FC83D606F9A5D233F6DE550 /* Release */ = {
			isa = XCBuildConfiguration;
			buildSettings = {
				CODE_SIGN_ENTITLEMENTS = DmgPreviewExtension/DmgPreviewExtension.entitlements;
				COMBINE_HIDPI_IMAGES = YES;
				INFOPLIST_FILE = DmgPreviewExtension/Info.plist;
				LD_RUNPATH_SEARCH_PATHS = (
					"$(inherited)",
					"@executable_path/../Frameworks",
					"@executable_path/../../../../Frameworks",
				);
				PRODUCT_BUNDLE_IDENTIFIER = com.example.IniPreviewer.DmgPreviewExtension;
				SDKROOT = macosx;
			};
			name = Release;
		};
		82A8B0B6190305F13AD209C9 /* Debug */ = {
			isa = XCBuildConfiguration;
			buildSettings = {
				CODE_SIGN_ENTITLEMENTS = PePreviewExtension/PePreviewExtension.entitlements;
				COMBINE_HIDPI_IMAGES = YES;
				INFOPLIST_FILE = PePreviewExtension/Info.plist;
				LD_RUNPATH_SEARCH_PATHS = (
					"$(inherited)",
					"@executable_path/../Frameworks",
					"@executable_path/../../../../Frameworks",
				);
				PRODUCT_BUNDLE_IDENTIFIER = com.example.IniPreviewer.PePreviewExtension;
				SDKROOT = macosx;
			};
			name = Debug;
		};
		8ECB68457AFD6A14DC631F86 /* Debug */ = {
			isa = XCBuildConfiguration;
			buildSettings = {
				CODE_SIGN_ENTITLEMENTS = DmgPreviewExtension/DmgPreviewExtension.entitlements;
				COMBINE_HIDPI_IMAGES = YES;
				INFOPLIST_FILE = DmgPreviewExtension/Info.plist;
				LD_RUNPATH_SEARCH_PATHS = (
					"$(inherited)",
					"@executable_path/../Frameworks",
					"@executable_path/../../../../Frameworks",
				);
				PRODUCT_BUNDLE_IDENTIFIER = com.example.IniPreviewer.DmgPreviewExtension;
				SDKROOT = macosx;
			};
			name = Debug;
		};
		C13748CA6BD62F8EB989114D /* Debug */ = {
			isa = XCBuildConfiguration;
			buildSettings = {
				CODE_SIGN_ENTITLEMENTS = IsoPreviewExtension/IsoPreviewExtension.entitlements;
				COMBINE_HIDPI_IMAGES = YES;
				INFOPLIST_FILE = IsoPreviewExtension/Info.plist;
				LD_RUNPATH_SEARCH_PATHS = (
					"$(inherited)",
					"@executable_path/../Frameworks",
					"@executable_path/../../../../Frameworks",
				);
				OTHER_LDFLAGS = (
					"-larchive",
				);
				PRODUCT_BUNDLE_IDENTIFIER = com.example.IniPreviewer.IsoPreviewExtension;
				SDKROOT = macosx;
				SWIFT_OBJC_BRIDGING_HEADER = "IsoPreviewExtension/IsoPreviewExtension-Bridging-Header.h";
			};
			name = Debug;
		};
		C98344A9BCBF159AD4A70C10 /* Release */ = {
			isa = XCBuildConfiguration;
			buildSettings = {
				CODE_SIGN_ENTITLEMENTS = IsoPreviewExtension/IsoPreviewExtension.entitlements;
				COMBINE_HIDPI_IMAGES = YES;
				INFOPLIST_FILE = IsoPreviewExtension/Info.plist;
				LD_RUNPATH_SEARCH_PATHS = (
					"$(inherited)",
					"@executable_path/../Frameworks",
					"@executable_path/../../../../Frameworks",
				);
				OTHER_LDFLAGS = (
					"-larchive",
				);
				PRODUCT_BUNDLE_IDENTIFIER = com.example.IniPreviewer.IsoPreviewExtension;
				SDKROOT = macosx;
				SWIFT_OBJC_BRIDGING_HEADER = "IsoPreviewExtension/IsoPreviewExtension-Bridging-Header.h";
			};
			name = Release;
		};
		CDBEFE256BE638F299A50D32 /* Debug */ = {
			isa = XCBuildConfiguration;
			buildSettings = {
				ALWAYS_SEARCH_USER_PATHS = NO;
				CLANG_ANALYZER_NONNULL = YES;
				CLANG_ANALYZER_NUMBER_OBJECT_CONVERSION = YES_AGGRESSIVE;
				CLANG_CXX_LANGUAGE_STANDARD = "gnu++14";
				CLANG_CXX_LIBRARY = "libc++";
				CLANG_ENABLE_MODULES = YES;
				CLANG_ENABLE_OBJC_ARC = YES;
				CLANG_ENABLE_OBJC_WEAK = YES;
				CLANG_WARN_BLOCK_CAPTURE_AUTORELEASING = YES;
				CLANG_WARN_BOOL_CONVERSION = YES;
				CLANG_WARN_COMMA = YES;
				CLANG_WARN_CONSTANT_CONVERSION = YES;
				CLANG_WARN_DEPRECATED_OBJC_IMPLEMENTATIONS = YES;
				CLANG_WARN_DIRECT_OBJC_ISA_USAGE = YES_ERROR;
				CLANG_WARN_DOCUMENTATION_COMMENTS = YES;
				CLANG_WARN_EMPTY_BODY = YES;
				CLANG_WARN_ENUM_CONVERSION = YES;
				CLANG_WARN_INFINITE_RECURSION = YES;
				CLANG_WARN_INT_CONVERSION = YES;
				CLANG_WARN_NON_LITERAL_NULL_CONVERSION = YES;
				CLANG_WARN_OBJC_IMPLICIT_RETAIN_SELF = YES;
				CLANG_WARN_OBJC_LITERAL_CONVERSION = YES;
				CLANG_WARN_OBJC_ROOT_CLASS = YES_ERROR;
				CLANG_WARN_QUOTED_INCLUDE_IN_FRAMEWORK_HEADER = YES;
				CLANG_WARN_RANGE_LOOP_ANALYSIS = YES;
				CLANG_WARN_STRICT_PROTOTYPES = YES;
				CLANG_WARN_SUSPICIOUS_MOVE = YES;
				CLANG_WARN_UNGUARDED_AVAILABILITY = YES_AGGRESSIVE;
				CLANG_WARN_UNREACHABLE_CODE = YES;
				CLANG_WARN__DUPLICATE_METHOD_MATCH = YES;
				COPY_PHASE_STRIP = NO;
				DEBUG_INFORMATION_FORMAT = dwarf;
				ENABLE_STRICT_OBJC_MSGSEND = YES;
				ENABLE_TESTABILITY = YES;
				GCC_C_LANGUAGE_STANDARD = gnu11;
				GCC_DYNAMIC_NO_PIC = NO;
				GCC_NO_COMMON_BLOCKS = YES;
				GCC_OPTIMIZATION_LEVEL = 0;
				GCC_PREPROCESSOR_DEFINITIONS = (
					"$(inherited)",
					"DEBUG=1",
				);
				GCC_WARN_64_TO_32_BIT_CONVERSION = YES;
				GCC_WARN_ABOUT_RETURN_TYPE = YES_ERROR;
				GCC_WARN_UNDECLARED_SELECTOR = YES;
				GCC_WARN_UNINITIALIZED_AUTOS = YES_AGGRESSIVE;
				GCC_WARN_UNUSED_FUNCTION = YES;
				GCC_WARN_UNUSED_VARIABLE = YES;
				MACOSX_DEPLOYMENT_TARGET = 14.0;
				MTL_ENABLE_DEBUG_INFO = INCLUDE_SOURCE;
				MTL_FAST_MATH = YES;
				ONLY_ACTIVE_ARCH = YES;
				PRODUCT_NAME = "$(TARGET_NAME)";
				SDKROOT = macosx;
				SWIFT_ACTIVE_COMPILATION_CONDITIONS = DEBUG;
				SWIFT_OPTIMIZATION_LEVEL = "-Onone";
				SWIFT_VERSION = 5.0;
			};
			name = Debug;
		};
		DFEE4E70AF981E6BDBC2F03D /* Debug */ = {
			isa = XCBuildConfiguration;
			buildSettings = {
				CODE_SIGN_ENTITLEMENTS = SevenZipPreviewExtension/SevenZipPreviewExtension.entitlements;
				COMBINE_HIDPI_IMAGES = YES;
				INFOPLIST_FILE = SevenZipPreviewExtension/Info.plist;
				LD_RUNPATH_SEARCH_PATHS = (
					"$(inherited)",
					"@executable_path/../Frameworks",
					"@executable_path/../../../../Frameworks",
				);
				OTHER_LDFLAGS = (
					"-larchive",
				);
				PRODUCT_BUNDLE_IDENTIFIER = com.example.IniPreviewer.SevenZipPreviewExtension;
				SDKROOT = macosx;
				SWIFT_OBJC_BRIDGING_HEADER = "SevenZipPreviewExtension/SevenZipPreviewExtension-Bridging-Header.h";
			};
			name = Debug;
		};
		E43D9654D1E67B7CD3BF11F5 /* Release */ = {
			isa = XCBuildConfiguration;
			buildSettings = {
				CODE_SIGN_ENTITLEMENTS = PePreviewExtension/PePreviewExtension.entitlements;
				COMBINE_HIDPI_IMAGES = YES;
				INFOPLIST_FILE = PePreviewExtension/Info.plist;
				LD_RUNPATH_SEARCH_PATHS = (
					"$(inherited)",
					"@executable_path/../Frameworks",
					"@executable_path/../../../../Frameworks",
				);
				PRODUCT_BUNDLE_IDENTIFIER = com.example.IniPreviewer.PePreviewExtension;
				SDKROOT = macosx;
			};
			name = Release;
		};
		E535A5ABEFBAF6445A445B87 /* Release */ = {
			isa = XCBuildConfiguration;
			buildSettings = {
				CODE_SIGN_ENTITLEMENTS = ZipPreviewExtension/ZipPreviewExtension.entitlements;
				COMBINE_HIDPI_IMAGES = YES;
				INFOPLIST_FILE = ZipPreviewExtension/Info.plist;
				LD_RUNPATH_SEARCH_PATHS = (
					"$(inherited)",
					"@executable_path/../Frameworks",
					"@executable_path/../../../../Frameworks",
				);
				PRODUCT_BUNDLE_IDENTIFIER = com.example.IniPreviewer.ZipPreviewExtension;
				SDKROOT = macosx;
			};
			name = Release;
		};
		F452C0606C069D66EFA3DD0F /* Release */ = {
			isa = XCBuildConfiguration;
			buildSettings = {
				CODE_SIGN_ENTITLEMENTS = SevenZipPreviewExtension/SevenZipPreviewExtension.entitlements;
				COMBINE_HIDPI_IMAGES = YES;
				INFOPLIST_FILE = SevenZipPreviewExtension/Info.plist;
				LD_RUNPATH_SEARCH_PATHS = (
					"$(inherited)",
					"@executable_path/../Frameworks",
					"@executable_path/../../../../Frameworks",
				);
				OTHER_LDFLAGS = (
					"-larchive",
				);
				PRODUCT_BUNDLE_IDENTIFIER = com.example.IniPreviewer.SevenZipPreviewExtension;
				SDKROOT = macosx;
				SWIFT_OBJC_BRIDGING_HEADER = "SevenZipPreviewExtension/SevenZipPreviewExtension-Bridging-Header.h";
			};
			name = Release;
		};
		FB1A560479261C2DC965148B /* Debug */ = {
			isa = XCBuildConfiguration;
			buildSettings = {
				CODE_SIGN_ENTITLEMENTS = ZipPreviewExtension/ZipPreviewExtension.entitlements;
				COMBINE_HIDPI_IMAGES = YES;
				INFOPLIST_FILE = ZipPreviewExtension/Info.plist;
				LD_RUNPATH_SEARCH_PATHS = (
					"$(inherited)",
					"@executable_path/../Frameworks",
					"@executable_path/../../../../Frameworks",
				);
				PRODUCT_BUNDLE_IDENTIFIER = com.example.IniPreviewer.ZipPreviewExtension;
				SDKROOT = macosx;
			};
			name = Debug;
		};
/* End XCBuildConfiguration section */

/* Begin XCConfigurationList section */
		098671D69D6F7488130F5A0A /* Build configuration list for PBXNativeTarget "DmgPreviewExtension" */ = {
			isa = XCConfigurationList;
			buildConfigurations = (
				8ECB68457AFD6A14DC631F86 /* Debug */,
				5FC83D606F9A5D233F6DE550 /* Release */,
			);
			defaultConfigurationIsVisible = 0;
			defaultConfigurationName = Debug;
		};
		139563002A804B15F27BA7E6 /* Build configuration list for PBXProject "IniPreviewer" */ = {
			isa = XCConfigurationList;
			buildConfigurations = (
				CDBEFE256BE638F299A50D32 /* Debug */,
				5E200B4E6CF86B8A21B41E4C /* Release */,
			);
			defaultConfigurationIsVisible = 0;
			defaultConfigurationName = Debug;
		};
		1EFD8F0825984C6B5D45B222 /* Build configuration list for PBXNativeTarget "IniPreviewExtension" */ = {
			isa = XCConfigurationList;
			buildConfigurations = (
				497FA4A3AEF7AB77E576A308 /* Debug */,
				4675072D3D138CD4B5D71E32 /* Release */,
			);
			defaultConfigurationIsVisible = 0;
			defaultConfigurationName = Debug;
		};
		46615A03807A9502B233BF1C /* Build configuration list for PBXNativeTarget "IniPreviewer" */ = {
			isa = XCConfigurationList;
			buildConfigurations = (
				45E9285F843D03C12BA56786 /* Debug */,
				1708BFCE1EAA37610864C3CF /* Release */,
			);
			defaultConfigurationIsVisible = 0;
			defaultConfigurationName = Debug;
		};
		6FC3586FD24889C9FC0C9E91 /* Build configuration list for PBXNativeTarget "SevenZipPreviewExtension" */ = {
			isa = XCConfigurationList;
			buildConfigurations = (
				DFEE4E70AF981E6BDBC2F03D /* Debug */,
				F452C0606C069D66EFA3DD0F /* Release */,
			);
			defaultConfigurationIsVisible = 0;
			defaultConfigurationName = Debug;
		};
		8DF97330A65447D8644F3F46 /* Build configuration list for PBXNativeTarget "IsoPreviewExtension" */ = {
			isa = XCConfigurationList;
			buildConfigurations = (
				C13748CA6BD62F8EB989114D /* Debug */,
				C98344A9BCBF159AD4A70C10 /* Release */,
			);
			defaultConfigurationIsVisible = 0;
			defaultConfigurationName = Debug;
		};
		B8BC000616E8517C89BB0D6F /* Build configuration list for PBXNativeTarget "PePreviewExtension" */ = {
			isa = XCConfigurationList;
			buildConfigurations = (
				82A8B0B6190305F13AD209C9 /* Debug */,
				E43D9654D1E67B7CD3BF11F5 /* Release */,
			);
			defaultConfigurationIsVisible = 0;
			defaultConfigurationName = Debug;
		};
		E62E972A1463F2970B4E3730 /* Build configuration list for PBXNativeTarget "ZipPreviewExtension" */ = {
			isa = XCConfigurationList;
			buildConfigurations = (
				FB1A560479261C2DC965148B /* Debug */,
				E535A5ABEFBAF6445A445B87 /* Release */,
			);
			defaultConfigurationIsVisible = 0;
			defaultConfigurationName = Debug;
		};
/* End XCConfigurationList section */
	};
	rootObject = 360E159FA3226FF3C97FCA55 /* Project object */;
}
